
Microsoft Visual Studio Solution File, Format Version 12.00
# Visual Studio Version 17
VisualStudioVersion = 17.14.36109.1 d17.14
MinimumVisualStudioVersion = 10.0.40219.1
Project("{FAE04EC0-301F-11D3-BF4B-00C04F79EFBC}") = "scanner_project", "scanner_project\scanner_project.csproj", "{840DA9BC-2F21-43E2-85DC-F2A14285E5EC}"
EndProject
Global
	GlobalSection(SolutionConfigurationPlatforms) = preSolution
		Debug|Any CPU = Debug|Any CPU
		Release|Any CPU = Release|Any CPU
	EndGlobalSection
	GlobalSection(ProjectConfigurationPlatforms) = postSolution
		{840DA9BC-2F21-43E2-85DC-F2A14285E5EC}.Debug|Any CPU.ActiveCfg = Debug|Any CPU
		{840DA9BC-2F21-43E2-85DC-F2A14285E5EC}.Debug|Any CPU.Build.0 = Debug|Any CPU
		{840DA9BC-2F21-43E2-85DC-F2A14285E5EC}.Release|Any CPU.ActiveCfg = Release|Any CPU
		{840DA9BC-2F21-43E2-85DC-F2A14285E5EC}.Release|Any CPU.Build.0 = Release|Any CPU
	EndGlobalSection
	GlobalSection(SolutionProperties) = preSolution
		HideSolutionNode = FALSE
	EndGlobalSection
	GlobalSection(ExtensibilityGlobals) = postSolution
		SolutionGuid = {00E3015E-4C21-4C05-92FA-2A3DFBD598B4}
	EndGlobalSection
EndGlobal
